Microsoft Visual Studio Solution File, Format Version 12.00
# Visual Studio Version 17
VisualStudioVersion = 17.5.2.0
MinimumVisualStudioVersion = 10.0.40219.1
Project("{FAE04EC0-301F-11D3-BF4B-00C04F79EFBC}") = "HomeSweetHome", "HomeSweetHome.csproj", "{FF022188-D204-5D72-8020-EEF0E8D7913A}"
EndProject
Global
	GlobalSection(SolutionConfigurationPlatforms) = preSolution
		Debug|Any CPU = Debug|Any CPU
		Release|Any CPU = Release|Any CPU
	EndGlobalSection
	GlobalSection(ProjectConfigurationPlatforms) = postSolution
		{FF022188-D204-5D72-8020-EEF0E8D7913A}.Debug|Any CPU.ActiveCfg = Debug|Any CPU
		{FF022188-D204-5D72-8020-EEF0E8D7913A}.Debug|Any CPU.Build.0 = Debug|Any CPU
		{FF022188-D204-5D72-8020-EEF0E8D7913A}.Release|Any CPU.ActiveCfg = Release|Any CPU
		{FF022188-D204-5D72-8020-EEF0E8D7913A}.Release|Any CPU.Build.0 = Release|Any CPU
	EndGlobalSection
	GlobalSection(SolutionProperties) = preSolution
		HideSolutionNode = FALSE
	EndGlobalSection
	GlobalSection(ExtensibilityGlobals) = postSolution
		SolutionGuid = {4BF449B7-0B39-4722-9A65-E944B515EB68}
	EndGlobalSection
EndGlobal
